
Microsoft Visual Studio Solution File, Format Version 12.00
# Visual Studio Version 16
VisualStudioVersion = 16.0.30717.126
MinimumVisualStudioVersion = 10.0.40219.1
Project("{FAE04EC0-301F-11D3-BF4B-00C04F79EFBC}") = "GenericMC_SQLite", "GenericMC_SQLite.csproj", "{293AA9B1-B0AD-4DE4-ACA0-BE3F69EA6243}"
EndProject
Global
	GlobalSection(SolutionConfigurationPlatforms) = preSolution
		Debug|Any CPU = Debug|Any CPU
		Release|Any CPU = Release|Any CPU
	EndGlobalSection
	GlobalSection(ProjectConfigurationPlatforms) = postSolution
		{293AA9B1-B0AD-4DE4-ACA0-BE3F69EA6243}.Debug|Any CPU.ActiveCfg = Debug|Any CPU
		{293AA9B1-B0AD-4DE4-ACA0-BE3F69EA6243}.Debug|Any CPU.Build.0 = Debug|Any CPU
		{293AA9B1-B0AD-4DE4-ACA0-BE3F69EA6243}.Release|Any CPU.ActiveCfg = Release|Any CPU
		{293AA9B1-B0AD-4DE4-ACA0-BE3F69EA6243}.Release|Any CPU.Build.0 = Release|Any CPU
	EndGlobalSection
	GlobalSection(SolutionProperties) = preSolution
		HideSolutionNode = FALSE
	EndGlobalSection
	GlobalSection(ExtensibilityGlobals) = postSolution
		SolutionGuid = {C00EFEE2-70EF-40DA-8C6B-2A4D42385ED1}
	EndGlobalSection
EndGlobal
